
Microsoft Visual Studio Solution File, Format Version 12.00
# Visual Studio 15
VisualStudioVersion = 15.0.27004.2008
MinimumVisualStudioVersion = 10.0.40219.1
Project("{FAE04EC0-301F-11D3-BF4B-00C04F79EFBC}") = "Task01", "Task01\Task01.csproj", "{25A72378-0E87-4358-A7DF-9DA8C40C1562}"
EndProject
Project("{FAE04EC0-301F-11D3-BF4B-00C04F79EFBC}") = "Task02", "Task02\Task02.csproj", "{F9E2F817-226A-45E8-94FA-2A205795FE1F}"
EndProject
Project("{FAE04EC0-301F-11D3-BF4B-00C04F79EFBC}") = "Task03", "Task03\Task03.csproj", "{D80F8726-5586-4552-B4FE-C5F16F325855}"
EndProject
Global
	GlobalSection(SolutionConfigurationPlatforms) = preSolution
		Debug|Any CPU = Debug|Any CPU
		Release|Any CPU = Release|Any CPU
	EndGlobalSection
	GlobalSection(ProjectConfigurationPlatforms) = postSolution
		{25A72378-0E87-4358-A7DF-9DA8C40C1562}.Debug|Any CPU.ActiveCfg = Debug|Any CPU
		{25A72378-0E87-4358-A7DF-9DA8C40C1562}.Debug|Any CPU.Build.0 = Debug|Any CPU
		{25A72378-0E87-4358-A7DF-9DA8C40C1562}.Release|Any CPU.ActiveCfg = Release|Any CPU
		{25A72378-0E87-4358-A7DF-9DA8C40C1562}.Release|Any CPU.Build.0 = Release|Any CPU
		{F9E2F817-226A-45E8-94FA-2A205795FE1F}.Debug|Any CPU.ActiveCfg = Debug|Any CPU
		{F9E2F817-226A-45E8-94FA-2A205795FE1F}.Debug|Any CPU.Build.0 = Debug|Any CPU
		{F9E2F817-226A-45E8-94FA-2A205795FE1F}.Release|Any CPU.ActiveCfg = Release|Any CPU
		{F9E2F817-226A-45E8-94FA-2A205795FE1F}.Release|Any CPU.Build.0 = Release|Any CPU
		{D80F8726-5586-4552-B4FE-C5F16F325855}.Debug|Any CPU.ActiveCfg = Debug|Any CPU
		{D80F8726-5586-4552-B4FE-C5F16F325855}.Debug|Any CPU.Build.0 = Debug|Any CPU
		{D80F8726-5586-4552-B4FE-C5F16F325855}.Release|Any CPU.ActiveCfg = Release|Any CPU
		{D80F8726-5586-4552-B4FE-C5F16F325855}.Release|Any CPU.Build.0 = Release|Any CPU
	EndGlobalSection
	GlobalSection(SolutionProperties) = preSolution
		HideSolutionNode = FALSE
	EndGlobalSection
	GlobalSection(ExtensibilityGlobals) = postSolution
		SolutionGuid = {6C0BB549-5752-4868-9D9B-B35E30010AEF}
	EndGlobalSection
EndGlobal
