
Microsoft Visual Studio Solution File, Format Version 12.00
# Visual Studio 15
VisualStudioVersion = 15.0.27004.2008
MinimumVisualStudioVersion = 10.0.40219.1
Project("{FAE04EC0-301F-11D3-BF4B-00C04F79EFBC}") = "Task01", "Task01\Task01.csproj", "{780580B3-2933-46A8-87EC-CD50CB3C3123}"
EndProject
Project("{FAE04EC0-301F-11D3-BF4B-00C04F79EFBC}") = "Task02", "Task02\Task02.csproj", "{4D860D5C-325D-453E-A7FF-8F3FE8D85891}"
EndProject
Project("{FAE04EC0-301F-11D3-BF4B-00C04F79EFBC}") = "Task03", "Task03\Task03.csproj", "{5C331AC2-F1EC-4910-A909-7E04238612BC}"
EndProject
Project("{FAE04EC0-301F-11D3-BF4B-00C04F79EFBC}") = "Task04", "Task04\Task04.csproj", "{92852AEA-A1E0-432E-A01C-D79C95AC4674}"
EndProject
Global
	GlobalSection(SolutionConfigurationPlatforms) = preSolution
		Debug|Any CPU = Debug|Any CPU
		Release|Any CPU = Release|Any CPU
	EndGlobalSection
	GlobalSection(ProjectConfigurationPlatforms) = postSolution
		{780580B3-2933-46A8-87EC-CD50CB3C3123}.Debug|Any CPU.ActiveCfg = Debug|Any CPU
		{780580B3-2933-46A8-87EC-CD50CB3C3123}.Debug|Any CPU.Build.0 = Debug|Any CPU
		{780580B3-2933-46A8-87EC-CD50CB3C3123}.Release|Any CPU.ActiveCfg = Release|Any CPU
		{780580B3-2933-46A8-87EC-CD50CB3C3123}.Release|Any CPU.Build.0 = Release|Any CPU
		{4D860D5C-325D-453E-A7FF-8F3FE8D85891}.Debug|Any CPU.ActiveCfg = Debug|Any CPU
		{4D860D5C-325D-453E-A7FF-8F3FE8D85891}.Debug|Any CPU.Build.0 = Debug|Any CPU
		{4D860D5C-325D-453E-A7FF-8F3FE8D85891}.Release|Any CPU.ActiveCfg = Release|Any CPU
		{4D860D5C-325D-453E-A7FF-8F3FE8D85891}.Release|Any CPU.Build.0 = Release|Any CPU
		{5C331AC2-F1EC-4910-A909-7E04238612BC}.Debug|Any CPU.ActiveCfg = Debug|Any CPU
		{5C331AC2-F1EC-4910-A909-7E04238612BC}.Debug|Any CPU.Build.0 = Debug|Any CPU
		{5C331AC2-F1EC-4910-A909-7E04238612BC}.Release|Any CPU.ActiveCfg = Release|Any CPU
		{5C331AC2-F1EC-4910-A909-7E04238612BC}.Release|Any CPU.Build.0 = Release|Any CPU
		{92852AEA-A1E0-432E-A01C-D79C95AC4674}.Debug|Any CPU.ActiveCfg = Debug|Any CPU
		{92852AEA-A1E0-432E-A01C-D79C95AC4674}.Debug|Any CPU.Build.0 = Debug|Any CPU
		{92852AEA-A1E0-432E-A01C-D79C95AC4674}.Release|Any CPU.ActiveCfg = Release|Any CPU
		{92852AEA-A1E0-432E-A01C-D79C95AC4674}.Release|Any CPU.Build.0 = Release|Any CPU
	EndGlobalSection
	GlobalSection(SolutionProperties) = preSolution
		HideSolutionNode = FALSE
	EndGlobalSection
	GlobalSection(ExtensibilityGlobals) = postSolution
		SolutionGuid = {5EC6F632-58A7-446B-B7BE-59FB093C9D90}
	EndGlobalSection
EndGlobal
