
Microsoft Visual Studio Solution File, Format Version 12.00
# Visual Studio 15
VisualStudioVersion = 15.0.27004.2008
MinimumVisualStudioVersion = 10.0.40219.1
Project("{FAE04EC0-301F-11D3-BF4B-00C04F79EFBC}") = "Task01", "Task01\Task01.csproj", "{FAFE7616-A771-466A-847C-0A4335EA84BA}"
EndProject
Project("{FAE04EC0-301F-11D3-BF4B-00C04F79EFBC}") = "Task02", "Task02\Task02.csproj", "{77449D82-2B01-42BD-96AF-ADB1E941B9AD}"
EndProject
Global
	GlobalSection(SolutionConfigurationPlatforms) = preSolution
		Debug|Any CPU = Debug|Any CPU
		Release|Any CPU = Release|Any CPU
	EndGlobalSection
	GlobalSection(ProjectConfigurationPlatforms) = postSolution
		{FAFE7616-A771-466A-847C-0A4335EA84BA}.Debug|Any CPU.ActiveCfg = Debug|Any CPU
		{FAFE7616-A771-466A-847C-0A4335EA84BA}.Debug|Any CPU.Build.0 = Debug|Any CPU
		{FAFE7616-A771-466A-847C-0A4335EA84BA}.Release|Any CPU.ActiveCfg = Release|Any CPU
		{FAFE7616-A771-466A-847C-0A4335EA84BA}.Release|Any CPU.Build.0 = Release|Any CPU
		{77449D82-2B01-42BD-96AF-ADB1E941B9AD}.Debug|Any CPU.ActiveCfg = Debug|Any CPU
		{77449D82-2B01-42BD-96AF-ADB1E941B9AD}.Debug|Any CPU.Build.0 = Debug|Any CPU
		{77449D82-2B01-42BD-96AF-ADB1E941B9AD}.Release|Any CPU.ActiveCfg = Release|Any CPU
		{77449D82-2B01-42BD-96AF-ADB1E941B9AD}.Release|Any CPU.Build.0 = Release|Any CPU
	EndGlobalSection
	GlobalSection(SolutionProperties) = preSolution
		HideSolutionNode = FALSE
	EndGlobalSection
	GlobalSection(ExtensibilityGlobals) = postSolution
		SolutionGuid = {07F1B163-EA31-4F32-926B-28EB1C7B0DDF}
	EndGlobalSection
EndGlobal
