
Microsoft Visual Studio Solution File, Format Version 12.00
# Visual Studio 14
VisualStudioVersion = 14.0.25420.1
MinimumVisualStudioVersion = 10.0.40219.1
Project("{FAE04EC0-301F-11D3-BF4B-00C04F79EFBC}") = "HWT_11", "HWT_11\HWT_11.csproj", "{1544BFEB-F6E2-4192-977A-261A55E0EE1A}"
EndProject
Project("{FAE04EC0-301F-11D3-BF4B-00C04F79EFBC}") = "HWT_11.Tests", "HWT_11.Tests\HWT_11.Tests.csproj", "{114CC6DC-4B4B-426B-9C46-71241A27E2D0}"
EndProject
Global
	GlobalSection(SolutionConfigurationPlatforms) = preSolution
		Debug|Any CPU = Debug|Any CPU
		Release|Any CPU = Release|Any CPU
	EndGlobalSection
	GlobalSection(ProjectConfigurationPlatforms) = postSolution
		{1544BFEB-F6E2-4192-977A-261A55E0EE1A}.Debug|Any CPU.ActiveCfg = Debug|Any CPU
		{1544BFEB-F6E2-4192-977A-261A55E0EE1A}.Debug|Any CPU.Build.0 = Debug|Any CPU
		{1544BFEB-F6E2-4192-977A-261A55E0EE1A}.Release|Any CPU.ActiveCfg = Release|Any CPU
		{1544BFEB-F6E2-4192-977A-261A55E0EE1A}.Release|Any CPU.Build.0 = Release|Any CPU
		{114CC6DC-4B4B-426B-9C46-71241A27E2D0}.Debug|Any CPU.ActiveCfg = Debug|Any CPU
		{114CC6DC-4B4B-426B-9C46-71241A27E2D0}.Debug|Any CPU.Build.0 = Debug|Any CPU
		{114CC6DC-4B4B-426B-9C46-71241A27E2D0}.Release|Any CPU.ActiveCfg = Release|Any CPU
		{114CC6DC-4B4B-426B-9C46-71241A27E2D0}.Release|Any CPU.Build.0 = Release|Any CPU
	EndGlobalSection
	GlobalSection(SolutionProperties) = preSolution
		HideSolutionNode = FALSE
	EndGlobalSection
EndGlobal
