
Microsoft Visual Studio Solution File, Format Version 12.00
# Visual Studio 15
VisualStudioVersion = 15.0.27004.2008
MinimumVisualStudioVersion = 10.0.40219.1
Project("{FAE04EC0-301F-11D3-BF4B-00C04F79EFBC}") = "Task1", "Task1\Task1.csproj", "{3C817022-9EFA-4286-B37A-4CBF490F2EF4}"
EndProject
Project("{FAE04EC0-301F-11D3-BF4B-00C04F79EFBC}") = "Task2", "Task2\Task2.csproj", "{EFF4E4C0-3C15-4EE4-8BD3-28958E3D9A71}"
EndProject
Project("{FAE04EC0-301F-11D3-BF4B-00C04F79EFBC}") = "Task3", "Task3\Task3.csproj", "{21D0A834-A432-4AF6-8BC1-3428C587EC8F}"
EndProject
Project("{FAE04EC0-301F-11D3-BF4B-00C04F79EFBC}") = "Task4", "Task4\Task4.csproj", "{9D949658-640D-4B18-A8F9-94B5DC0862A7}"
EndProject
Project("{FAE04EC0-301F-11D3-BF4B-00C04F79EFBC}") = "Task5", "Task5\Task5.csproj", "{A9C0CB7B-DB05-4C8F-BBFF-8D9B62E51C9E}"
EndProject
Project("{FAE04EC0-301F-11D3-BF4B-00C04F79EFBC}") = "Task6", "Task6\Task6.csproj", "{00A6D8D2-EC76-4447-B15A-5C15E174C9EC}"
EndProject
Global
	GlobalSection(SolutionConfigurationPlatforms) = preSolution
		Debug|Any CPU = Debug|Any CPU
		Release|Any CPU = Release|Any CPU
	EndGlobalSection
	GlobalSection(ProjectConfigurationPlatforms) = postSolution
		{3C817022-9EFA-4286-B37A-4CBF490F2EF4}.Debug|Any CPU.ActiveCfg = Debug|Any CPU
		{3C817022-9EFA-4286-B37A-4CBF490F2EF4}.Debug|Any CPU.Build.0 = Debug|Any CPU
		{3C817022-9EFA-4286-B37A-4CBF490F2EF4}.Release|Any CPU.ActiveCfg = Release|Any CPU
		{3C817022-9EFA-4286-B37A-4CBF490F2EF4}.Release|Any CPU.Build.0 = Release|Any CPU
		{EFF4E4C0-3C15-4EE4-8BD3-28958E3D9A71}.Debug|Any CPU.ActiveCfg = Debug|Any CPU
		{EFF4E4C0-3C15-4EE4-8BD3-28958E3D9A71}.Debug|Any CPU.Build.0 = Debug|Any CPU
		{EFF4E4C0-3C15-4EE4-8BD3-28958E3D9A71}.Release|Any CPU.ActiveCfg = Release|Any CPU
		{EFF4E4C0-3C15-4EE4-8BD3-28958E3D9A71}.Release|Any CPU.Build.0 = Release|Any CPU
		{21D0A834-A432-4AF6-8BC1-3428C587EC8F}.Debug|Any CPU.ActiveCfg = Debug|Any CPU
		{21D0A834-A432-4AF6-8BC1-3428C587EC8F}.Debug|Any CPU.Build.0 = Debug|Any CPU
		{21D0A834-A432-4AF6-8BC1-3428C587EC8F}.Release|Any CPU.ActiveCfg = Release|Any CPU
		{21D0A834-A432-4AF6-8BC1-3428C587EC8F}.Release|Any CPU.Build.0 = Release|Any CPU
		{9D949658-640D-4B18-A8F9-94B5DC0862A7}.Debug|Any CPU.ActiveCfg = Debug|Any CPU
		{9D949658-640D-4B18-A8F9-94B5DC0862A7}.Debug|Any CPU.Build.0 = Debug|Any CPU
		{9D949658-640D-4B18-A8F9-94B5DC0862A7}.Release|Any CPU.ActiveCfg = Release|Any CPU
		{9D949658-640D-4B18-A8F9-94B5DC0862A7}.Release|Any CPU.Build.0 = Release|Any CPU
		{A9C0CB7B-DB05-4C8F-BBFF-8D9B62E51C9E}.Debug|Any CPU.ActiveCfg = Debug|Any CPU
		{A9C0CB7B-DB05-4C8F-BBFF-8D9B62E51C9E}.Debug|Any CPU.Build.0 = Debug|Any CPU
		{A9C0CB7B-DB05-4C8F-BBFF-8D9B62E51C9E}.Release|Any CPU.ActiveCfg = Release|Any CPU
		{A9C0CB7B-DB05-4C8F-BBFF-8D9B62E51C9E}.Release|Any CPU.Build.0 = Release|Any CPU
		{00A6D8D2-EC76-4447-B15A-5C15E174C9EC}.Debug|Any CPU.ActiveCfg = Debug|Any CPU
		{00A6D8D2-EC76-4447-B15A-5C15E174C9EC}.Debug|Any CPU.Build.0 = Debug|Any CPU
		{00A6D8D2-EC76-4447-B15A-5C15E174C9EC}.Release|Any CPU.ActiveCfg = Release|Any CPU
		{00A6D8D2-EC76-4447-B15A-5C15E174C9EC}.Release|Any CPU.Build.0 = Release|Any CPU
	EndGlobalSection
	GlobalSection(SolutionProperties) = preSolution
		HideSolutionNode = FALSE
	EndGlobalSection
	GlobalSection(ExtensibilityGlobals) = postSolution
		SolutionGuid = {03C3FE70-D72F-43BD-BA74-19F3F08E3744}
	EndGlobalSection
EndGlobal
